
Microsoft Visual Studio Solution File, Format Version 12.00
# Visual Studio Version 17
VisualStudioVersion = 17.8.34525.116
MinimumVisualStudioVersion = 10.0.40219.1
Project("{FAE04EC0-301F-11D3-BF4B-00C04F79EFBC}") = "ConsoleApp5", "ConsoleApp5\ConsoleApp5.csproj", "{BC4BE12E-111F-415A-8B65-680508C87286}"
EndProject
Global
	GlobalSection(SolutionConfigurationPlatforms) = preSolution
		Debug|Any CPU = Debug|Any CPU
		Release|Any CPU = Release|Any CPU
	EndGlobalSection
	GlobalSection(ProjectConfigurationPlatforms) = postSolution
		{BC4BE12E-111F-415A-8B65-680508C87286}.Debug|Any CPU.ActiveCfg = Debug|Any CPU
		{BC4BE12E-111F-415A-8B65-680508C87286}.Debug|Any CPU.Build.0 = Debug|Any CPU
		{BC4BE12E-111F-415A-8B65-680508C87286}.Release|Any CPU.ActiveCfg = Release|Any CPU
		{BC4BE12E-111F-415A-8B65-680508C87286}.Release|Any CPU.Build.0 = Release|Any CPU
	EndGlobalSection
	GlobalSection(SolutionProperties) = preSolution
		HideSolutionNode = FALSE
	EndGlobalSection
	GlobalSection(ExtensibilityGlobals) = postSolution
		SolutionGuid = {4552628E-474E-411F-8368-A0399619E9D0}
	EndGlobalSection
EndGlobal
